<?xml version="1.0" encoding="utf-8"?>
<Project ToolsVersion="4.0" xmlns="http://schemas.microsoft.com/developer/msbuild/2003">
  <ItemGroup>
    <Filter Include="源文件">
      <UniqueIdentifier>{4FC737F1-C7A5-4376-A066-2A32D752A2FF}</UniqueIdentifier>
      <Extensions>cpp;c;cc;cxx;c++;cppm;ixx;def;odl;idl;hpj;bat;asm;asmx</Extensions>
    </Filter>
    <Filter Include="头文件">
      <UniqueIdentifier>{93995380-89BD-4b04-88EB-625FBE52EBFB}</UniqueIdentifier>
      <Extensions>h;hh;hpp;hxx;h++;hm;inl;inc;ipp;xsd</Extensions>
    </Filter>
    <Filter Include="资源文件">
      <UniqueIdentifier>{67DA6AB6-F800-4c08-8B7A-83BB121AAD01}</UniqueIdentifier>
      <Extensions>rc;ico;cur;bmp;dlg;rc2;rct;bin;rgs;gif;jpg;jpeg;jpe;resx;tiff;tif;png;wav;mfcribbon-ms</Extensions>
    </Filter>
    <Filter Include="1策略模式">
      <UniqueIdentifier>{202577d7-8529-4a93-8f22-059a1d034f30}</UniqueIdentifier>
    </Filter>
    <Filter Include="2观察者模式">
      <UniqueIdentifier>{49647a33-460d-44bd-9592-ca532f3f6527}</UniqueIdentifier>
    </Filter>
    <Filter Include="3装饰者模式">
      <UniqueIdentifier>{b4ed572a-e647-4341-a207-cdcd4ea21041}</UniqueIdentifier>
    </Filter>
    <Filter Include="4工厂模式">
      <UniqueIdentifier>{2cc791eb-e89f-4424-ab25-de5550cf5bb2}</UniqueIdentifier>
    </Filter>
    <Filter Include="5单件模式">
      <UniqueIdentifier>{54ea3f56-b7b4-4a6f-9c75-50afb98e7173}</UniqueIdentifier>
    </Filter>
    <Filter Include="6命令模式">
      <UniqueIdentifier>{b7155703-426f-4381-beda-ef1f5e0edc51}</UniqueIdentifier>
    </Filter>
  </ItemGroup>
  <ItemGroup>
    <ClCompile Include="DesignPattern.cpp">
      <Filter>源文件</Filter>
    </ClCompile>
    <ClCompile Include="Duck.cpp">
      <Filter>1策略模式</Filter>
    </ClCompile>
    <ClCompile Include="FlyBehavlor.cpp">
      <Filter>1策略模式</Filter>
    </ClCompile>
    <ClCompile Include="QuackBehavlor.cpp">
      <Filter>1策略模式</Filter>
    </ClCompile>
    <ClCompile Include="FlyHigh.cpp">
      <Filter>1策略模式</Filter>
    </ClCompile>
    <ClCompile Include="FlyNoWay.cpp">
      <Filter>1策略模式</Filter>
    </ClCompile>
    <ClCompile Include="QuackG.cpp">
      <Filter>1策略模式</Filter>
    </ClCompile>
    <ClCompile Include="QuackJ.cpp">
      <Filter>1策略模式</Filter>
    </ClCompile>
    <ClCompile Include="QuackMute.cpp">
      <Filter>1策略模式</Filter>
    </ClCompile>
    <ClCompile Include="RedHeadDuck.cpp">
      <Filter>1策略模式</Filter>
    </ClCompile>
    <ClCompile Include="GreenHeadDuck.cpp">
      <Filter>1策略模式</Filter>
    </ClCompile>
    <ClCompile Include="DuckTest.cpp">
      <Filter>源文件</Filter>
    </ClCompile>
    <ClCompile Include="Beverage.cpp">
      <Filter>3装饰者模式</Filter>
    </ClCompile>
    <ClCompile Include="HouseBlend.cpp">
      <Filter>3装饰者模式</Filter>
    </ClCompile>
    <ClCompile Include="DarkRoast.cpp">
      <Filter>3装饰者模式</Filter>
    </ClCompile>
    <ClCompile Include="CondimentDecorator.cpp">
      <Filter>3装饰者模式</Filter>
    </ClCompile>
    <ClCompile Include="Milk.cpp">
      <Filter>3装饰者模式</Filter>
    </ClCompile>
    <ClCompile Include="Mocha.cpp">
      <Filter>3装饰者模式</Filter>
    </ClCompile>
    <ClCompile Include="CoffeeTest.cpp">
      <Filter>源文件</Filter>
    </ClCompile>
    <ClCompile Include="Observer.cpp">
      <Filter>2观察者模式</Filter>
    </ClCompile>
    <ClCompile Include="Subject.cpp">
      <Filter>2观察者模式</Filter>
    </ClCompile>
    <ClCompile Include="ConcreteObs.cpp">
      <Filter>2观察者模式</Filter>
    </ClCompile>
    <ClCompile Include="ConcreteSub.cpp">
      <Filter>2观察者模式</Filter>
    </ClCompile>
    <ClCompile Include="ObserverTest.cpp">
      <Filter>源文件</Filter>
    </ClCompile>
    <ClCompile Include="Produc.cpp">
      <Filter>4工厂模式</Filter>
    </ClCompile>
    <ClCompile Include="Factor.cpp">
      <Filter>4工厂模式</Filter>
    </ClCompile>
    <ClCompile Include="ProducA1.cpp">
      <Filter>4工厂模式</Filter>
    </ClCompile>
    <ClCompile Include="ProducA2.cpp">
      <Filter>4工厂模式</Filter>
    </ClCompile>
    <ClCompile Include="ProducB1.cpp">
      <Filter>4工厂模式</Filter>
    </ClCompile>
    <ClCompile Include="FactorTest.cpp">
      <Filter>源文件</Filter>
    </ClCompile>
    <ClCompile Include="ProducB2.cpp">
      <Filter>4工厂模式</Filter>
    </ClCompile>
    <ClCompile Include="CeilingFan.cpp">
      <Filter>6命令模式</Filter>
    </ClCompile>
    <ClCompile Include="CeilingFunHighCommond.cpp">
      <Filter>6命令模式</Filter>
    </ClCompile>
    <ClCompile Include="CeilingFunOffCommond.cpp">
      <Filter>6命令模式</Filter>
    </ClCompile>
    <ClCompile Include="Commond.cpp">
      <Filter>6命令模式</Filter>
    </ClCompile>
    <ClCompile Include="CommondControl.cpp">
      <Filter>6命令模式</Filter>
    </ClCompile>
    <ClCompile Include="Machine.cpp">
      <Filter>6命令模式</Filter>
    </ClCompile>
    <ClCompile Include="MachineOffCommond.cpp">
      <Filter>6命令模式</Filter>
    </ClCompile>
    <ClCompile Include="MachineOnCommond.cpp">
      <Filter>6命令模式</Filter>
    </ClCompile>
    <ClCompile Include="NoCommond.cpp">
      <Filter>6命令模式</Filter>
    </ClCompile>
    <ClCompile Include="CommondClien.cpp">
      <Filter>源文件</Filter>
    </ClCompile>
  </ItemGroup>
  <ItemGroup>
    <ClInclude Include="Duck.h">
      <Filter>1策略模式</Filter>
    </ClInclude>
    <ClInclude Include="FlyBehavlor.h">
      <Filter>1策略模式</Filter>
    </ClInclude>
    <ClInclude Include="QuackBehavlor.h">
      <Filter>1策略模式</Filter>
    </ClInclude>
    <ClInclude Include="FlyHigh.h">
      <Filter>1策略模式</Filter>
    </ClInclude>
    <ClInclude Include="FlyNoWay.h">
      <Filter>1策略模式</Filter>
    </ClInclude>
    <ClInclude Include="QuackG.h">
      <Filter>1策略模式</Filter>
    </ClInclude>
    <ClInclude Include="QuackJ.h">
      <Filter>1策略模式</Filter>
    </ClInclude>
    <ClInclude Include="QuackMute.h">
      <Filter>1策略模式</Filter>
    </ClInclude>
    <ClInclude Include="RedHeadDuck.h">
      <Filter>1策略模式</Filter>
    </ClInclude>
    <ClInclude Include="GreenHeadDuck.h">
      <Filter>1策略模式</Filter>
    </ClInclude>
    <ClInclude Include="DuckTest.h">
      <Filter>头文件</Filter>
    </ClInclude>
    <ClInclude Include="Beverage.h">
      <Filter>3装饰者模式</Filter>
    </ClInclude>
    <ClInclude Include="HouseBlend.h">
      <Filter>3装饰者模式</Filter>
    </ClInclude>
    <ClInclude Include="DarkRoast.h">
      <Filter>3装饰者模式</Filter>
    </ClInclude>
    <ClInclude Include="CondimentDecorator.h">
      <Filter>3装饰者模式</Filter>
    </ClInclude>
    <ClInclude Include="Milk.h">
      <Filter>3装饰者模式</Filter>
    </ClInclude>
    <ClInclude Include="Mocha.h">
      <Filter>3装饰者模式</Filter>
    </ClInclude>
    <ClInclude Include="CoffeeTest.h">
      <Filter>头文件</Filter>
    </ClInclude>
    <ClInclude Include="Subject.h">
      <Filter>2观察者模式</Filter>
    </ClInclude>
    <ClInclude Include="Observer.h">
      <Filter>2观察者模式</Filter>
    </ClInclude>
    <ClInclude Include="ConcreteObs.h">
      <Filter>2观察者模式</Filter>
    </ClInclude>
    <ClInclude Include="ConcreteSub.h">
      <Filter>2观察者模式</Filter>
    </ClInclude>
    <ClInclude Include="ObserverTest.h">
      <Filter>头文件</Filter>
    </ClInclude>
    <ClInclude Include="Produc.h">
      <Filter>4工厂模式</Filter>
    </ClInclude>
    <ClInclude Include="Factor.h">
      <Filter>4工厂模式</Filter>
    </ClInclude>
    <ClInclude Include="ProducB2.h">
      <Filter>4工厂模式</Filter>
    </ClInclude>
    <ClInclude Include="ProducB1.h">
      <Filter>4工厂模式</Filter>
    </ClInclude>
    <ClInclude Include="ProducA2.h">
      <Filter>4工厂模式</Filter>
    </ClInclude>
    <ClInclude Include="FactorTest.h">
      <Filter>头文件</Filter>
    </ClInclude>
    <ClInclude Include="ProducA1.h">
      <Filter>4工厂模式</Filter>
    </ClInclude>
    <ClInclude Include="head.h">
      <Filter>头文件</Filter>
    </ClInclude>
    <ClInclude Include="MachineOnCommond.h">
      <Filter>6命令模式</Filter>
    </ClInclude>
    <ClInclude Include="MachineOffCommond.h">
      <Filter>6命令模式</Filter>
    </ClInclude>
    <ClInclude Include="Machine.h">
      <Filter>6命令模式</Filter>
    </ClInclude>
    <ClInclude Include="CommondControl.h">
      <Filter>6命令模式</Filter>
    </ClInclude>
    <ClInclude Include="Commond.h">
      <Filter>6命令模式</Filter>
    </ClInclude>
    <ClInclude Include="CeilingFunOffCommond.h">
      <Filter>6命令模式</Filter>
    </ClInclude>
    <ClInclude Include="CeilingFunHighCommond.h">
      <Filter>6命令模式</Filter>
    </ClInclude>
    <ClInclude Include="CeilingFan.h">
      <Filter>6命令模式</Filter>
    </ClInclude>
    <ClInclude Include="NoCommond.h">
      <Filter>6命令模式</Filter>
    </ClInclude>
    <ClInclude Include="CommondClien.h">
      <Filter>头文件</Filter>
    </ClInclude>
  </ItemGroup>
</Project>