<?xml version="1.0" encoding="utf-8"?>
<Project ToolsVersion="4.0" xmlns="http://schemas.microsoft.com/developer/msbuild/2003">
  <ItemGroup>
    <ClCompile Include="BiTree.cpp">
      <Filter>源文件</Filter>
    </ClCompile>
    <ClCompile Include="ClassSize.cpp">
      <Filter>源文件</Filter>
    </ClCompile>
    <ClCompile Include="MyCode.cpp">
      <Filter>源文件</Filter>
    </ClCompile>
    <ClCompile Include="MyAlgorithm.cpp">
      <Filter>源文件</Filter>
    </ClCompile>
    <ClCompile Include="MyLeetcode.cpp">
      <Filter>源文件</Filter>
    </ClCompile>
    <ClCompile Include="MySort.cpp">
      <Filter>源文件</Filter>
    </ClCompile>
    <ClCompile Include="MyString.cpp">
      <Filter>源文件</Filter>
    </ClCompile>
    <ClCompile Include="MyThread.cpp">
      <Filter>源文件</Filter>
    </ClCompile>
    <ClCompile Include="MyTree.cpp">
      <Filter>源文件</Filter>
    </ClCompile>
    <ClCompile Include="RBTree.cpp">
      <Filter>源文件</Filter>
    </ClCompile>
    <ClCompile Include="shape_wrapper.cpp">
      <Filter>源文件</Filter>
    </ClCompile>
    <ClCompile Include="STLalgorithm.cpp">
      <Filter>源文件</Filter>
    </ClCompile>
    <ClCompile Include="Sudoku.cpp">
      <Filter>源文件</Filter>
    </ClCompile>
    <ClCompile Include="Test.cpp">
      <Filter>源文件</Filter>
    </ClCompile>
    <ClCompile Include="Tool.cpp">
      <Filter>源文件</Filter>
    </ClCompile>
    <ClCompile Include="AtomicTest.cpp">
      <Filter>源文件</Filter>
    </ClCompile>
    <ClCompile Include="MyLua.cpp" />
  </ItemGroup>
  <ItemGroup>
    <Filter Include="头文件">
      <UniqueIdentifier>{8a58c76a-e157-4e55-af24-b024c7caa8a5}</UniqueIdentifier>
    </Filter>
    <Filter Include="源文件">
      <UniqueIdentifier>{a2cf23ee-af07-49c2-9482-4dbe1fde2c5c}</UniqueIdentifier>
    </Filter>
  </ItemGroup>
  <ItemGroup>
    <ClInclude Include="BiTree.h">
      <Filter>头文件</Filter>
    </ClInclude>
    <ClInclude Include="ClassSize.h">
      <Filter>头文件</Filter>
    </ClInclude>
    <ClInclude Include="MyAlgorithm.h">
      <Filter>头文件</Filter>
    </ClInclude>
    <ClInclude Include="MyLeetcode.h">
      <Filter>头文件</Filter>
    </ClInclude>
    <ClInclude Include="MySort.h">
      <Filter>头文件</Filter>
    </ClInclude>
    <ClInclude Include="MyString.h">
      <Filter>头文件</Filter>
    </ClInclude>
    <ClInclude Include="MyThread.h">
      <Filter>头文件</Filter>
    </ClInclude>
    <ClInclude Include="MyTree.h">
      <Filter>头文件</Filter>
    </ClInclude>
    <ClInclude Include="output_container.h">
      <Filter>头文件</Filter>
    </ClInclude>
    <ClInclude Include="RBTree.h">
      <Filter>头文件</Filter>
    </ClInclude>
    <ClInclude Include="shape_wrapper.h">
      <Filter>头文件</Filter>
    </ClInclude>
    <ClInclude Include="STLalgorithm.h">
      <Filter>头文件</Filter>
    </ClInclude>
    <ClInclude Include="Sudoku.h">
      <Filter>头文件</Filter>
    </ClInclude>
    <ClInclude Include="Tool.h">
      <Filter>头文件</Filter>
    </ClInclude>
    <ClInclude Include="AtomicTest.h">
      <Filter>头文件</Filter>
    </ClInclude>
    <ClInclude Include="threadsafe_queue.h">
      <Filter>头文件</Filter>
    </ClInclude>
    <ClInclude Include="MyLua.h" />
  </ItemGroup>
</Project>